// !$*UTF8*$!
{
	archiveVersion = 1;
	classes = {
	};
	objectVersion = 46;
	objects = {

/* Begin PBXBuildFile section */
		79553BDC1D4531F80051EC6D /* AppDelegate.swift in Sources */ = {isa = PBXBuildFile; fileRef = 79553BDB1D4531F80051EC6D /* AppDelegate.swift */; };
		79553BDE1D4531F80051EC6D /* ViewController.swift in Sources */ = {isa = PBXBuildFile; fileRef = 79553BDD1D4531F80051EC6D /* ViewController.swift */; };
		79553BE11D4531F80051EC6D /* Main.storyboard in Resources */ = {isa = PBXBuildFile; fileRef = 79553BDF1D4531F80051EC6D /* Main.storyboard */; };
		79553BE41D4531F80051EC6D /* Favourite_Movies.xcdatamodeld in Sources */ = {isa = PBXBuildFile; fileRef = 79553BE21D4531F80051EC6D /* Favourite_Movies.xcdatamodeld */; };
		79553BE61D4531F80051EC6D /* Assets.xcassets in Resources */ = {isa = PBXBuildFile; fileRef = 79553BE51D4531F80051EC6D /* Assets.xcassets */; };
		79553BE91D4531F80051EC6D /* LaunchScreen.storyboard in Resources */ = {isa = PBXBuildFile; fileRef = 79553BE71D4531F80051EC6D /* LaunchScreen.storyboard */; };
/* End PBXBuildFile section */

/* Begin PBXFileReference section */
		79553BD81D4531F80051EC6D /* Favourite Movies.app */ = {isa = PBXFileReference; explicitFileType = wrapper.application; includeInIndex = 0; path = "Favourite Movies.app"; sourceTree = BUILT_PRODUCTS_DIR; };
		79553BDB1D4531F80051EC6D /* AppDelegate.swift */ = {isa = PBXFileReference; lastKnownFileType = sourcecode.swift; path = AppDelegate.swift; sourceTree = "<group>"; };
		79553BDD1D4531F80051EC6D /* ViewController.swift */ = {isa = PBXFileReference; lastKnownFileType = sourcecode.swift; path = ViewController.swift; sourceTree = "<group>"; };
		79553BE01D4531F80051EC6D /* Base */ = {isa = PBXFileReference; lastKnownFileType = file.storyboard; name = Base; path = Base.lproj/Main.storyboard; sourceTree = "<group>"; };
		79553BE31D4531F80051EC6D /* Favourite_Movies.xcdatamodel */ = {isa = PBXFileReference; lastKnownFileType = wrapper.xcdatamodel; path = Favourite_Movies.xcdatamodel; sourceTree = "<group>"; };
		79553BE51D4531F80051EC6D /* Assets.xcassets */ = {isa = PBXFileReference; lastKnownFileType = folder.assetcatalog; path = Assets.xcassets; sourceTree = "<group>"; };
		79553BE81D4531F80051EC6D /* Base */ = {isa = PBXFileReference; lastKnownFileType = file.storyboard; name = Base; path = Base.lproj/LaunchScreen.storyboard; sourceTree = "<group>"; };
		79553BEA1D4531F80051EC6D /* Info.plist */ = {isa = PBXFileReference; lastKnownFileType = text.plist.xml; path = Info.plist; sourceTree = "<group>"; };
/* End PBXFileReference section */

/* Begin PBXFrameworksBuildPhase section */
		79553BD51D4531F80051EC6D /* Frameworks */ = {
			isa = PBXFrameworksBuildPhase;
			buildActionMask = 2147483647;
			files = (
			);
			runOnlyForDeploymentPostprocessing = 0;
		};
/* End PBXFrameworksBuildPhase section */

/* Begin PBXGroup section */
		79553BCF1D4531F80051EC6D = {
			isa = PBXGroup;
			children = (
				79553BDA1D4531F80051EC6D /* Favourite Movies */,
				79553BD91D4531F80051EC6D /* Products */,
			);
			sourceTree = "<group>";
		};
		79553BD91D4531F80051EC6D /* Products */ = {
			isa = PBXGroup;
			children = (
				79553BD81D4531F80051EC6D /* Favourite Movies.app */,
			);
			name = Products;
			sourceTree = "<group>";
		};
		79553BDA1D4531F80051EC6D /* Favourite Movies */ = {
			isa = PBXGroup;
			children = (
				79553BDB1D4531F80051EC6D /* AppDelegate.swift */,
				79553BDD1D4531F80051EC6D /* ViewController.swift */,
				79553BDF1D4531F80051EC6D /* Main.storyboard */,
				79553BE51D4531F80051EC6D /* Assets.xcassets */,
				79553BE71D4531F80051EC6D /* LaunchScreen.storyboard */,
				79553BEA1D4531F80051EC6D /* Info.plist */,
				79553BE21D4531F80051EC6D /* Favourite_Movies.xcdatamodeld */,
			);
			path = "Favourite Movies";
			sourceTree = "<group>";
		};
/* End PBXGroup section */

/* Begin PBXNativeTarget section */
		79553BD71D4531F80051EC6D /* Favourite Movies */ = {
			isa = PBXNativeTarget;
			buildConfigurationList = 79553BED1D4531F80051EC6D /* Build configuration list for PBXNativeTarget "Favourite Movies" */;
			buildPhases = (
				79553BD41D4531F80051EC6D /* Sources */,
				79553BD51D4531F80051EC6D /* Frameworks */,
				79553BD61D4531F80051EC6D /* Resources */,
			);
			buildRules = (
			);
			dependencies = (
			);
			name = "Favourite Movies";
			productName = "Favourite Movies";
			productReference = 79553BD81D4531F80051EC6D /* Favourite Movies.app */;
			productType = "com.apple.product-type.application";
		};
/* End PBXNativeTarget section */

/* Begin PBXProject section */
		79553BD01D4531F80051EC6D /* Project object */ = {
			isa = PBXProject;
			attributes = {
				LastSwiftUpdateCheck = 0730;
				LastUpgradeCheck = 0730;
				ORGANIZATIONNAME = "Shane Mckenzie";
				TargetAttributes = {
					79553BD71D4531F80051EC6D = {
						CreatedOnToolsVersion = 7.3.1;
						DevelopmentTeam = 3KSER7S966;
					};
				};
			};
			buildConfigurationList = 79553BD31D4531F80051EC6D /* Build configuration list for PBXProject "Favourite Movies" */;
			compatibilityVersion = "Xcode 3.2";
			developmentRegion = English;
			hasScannedForEncodings = 0;
			knownRegions = (
				en,
				Base,
			);
			mainGroup = 79553BCF1D4531F80051EC6D;
			productRefGroup = 79553BD91D4531F80051EC6D /* Products */;
			projectDirPath = "";
			projectRoot = "";
			targets = (
				79553BD71D4531F80051EC6D /* Favourite Movies */,
			);
		};
/* End PBXProject section */

/* Begin PBXResourcesBuildPhase section */
		79553BD61D4531F80051EC6D /* Resources */ = {
			isa = PBXResourcesBuildPhase;
			buildActionMask = 2147483647;
			files = (
				79553BE91D4531F80051EC6D /* LaunchScreen.storyboard in Resources */,
				79553BE61D4531F80051EC6D /* Assets.xcassets in Resources */,
				79553BE11D4531F80051EC6D /* Main.storyboard in Resources */,
			);
			runOnlyForDeploymentPostprocessing = 0;
		};
/* End PBXResourcesBuildPhase section */

/* Begin PBXSourcesBuildPhase section */
		79553BD41D4531F80051EC6D /* Sources */ = {
			isa = PBXSourcesBuildPhase;
			buildActionMask = 2147483647;
			files = (
				79553BE41D4531F80051EC6D /* Favourite_Movies.xcdatamodeld in Sources */,
				79553BDE1D4531F80051EC6D /* ViewController.swift in Sources */,
				79553BDC1D4531F80051EC6D /* AppDelegate.swift in Sources */,
			);
			runOnlyForDeploymentPostprocessing = 0;
		};
/* End PBXSourcesBuildPhase section */

/* Begin PBXVariantGroup section */
		79553BDF1D4531F80051EC6D /* Main.storyboard */ = {
			isa = PBXVariantGroup;
			children = (
				79553BE01D4531F80051EC6D /* Base */,
			);
			name = Main.storyboard;
			sourceTree = "<group>";
		};
		79553BE71D4531F80051EC6D /* LaunchScreen.storyboard */ = {
			isa = PBXVariantGroup;
			children = (
				79553BE81D4531F80051EC6D /* Base */,
			);
			name = LaunchScreen.storyboard;
			sourceTree = "<group>";
		};
/* End PBXVariantGroup section */

/* Begin XCBuildConfiguration section */
		79553BEB1D4531F80051EC6D /* Debug */ = {
			isa = XCBuildConfiguration;
			buildSettings = {
				ALWAYS_SEARCH_USER_PATHS = NO;
				CLANG_ANALYZER_NONNULL = YES;
				CLANG_CXX_LANGUAGE_STANDARD = "gnu++0x";
				CLANG_CXX_LIBRARY = "libc++";
				CLANG_ENABLE_MODULES = YES;
				CLANG_ENABLE_OBJC_ARC = YES;
				CLANG_WARN_BOOL_CONVERSION = YES;
				CLANG_WARN_CONSTANT_CONVERSION = YES;
				CLANG_WARN_DIRECT_OBJC_ISA_USAGE = YES_ERROR;
				CLANG_WARN_EMPTY_BODY = YES;
				CLANG_WARN_ENUM_CONVERSION = YES;
				CLANG_WARN_INT_CONVERSION = YES;
				CLANG_WARN_OBJC_ROOT_CLASS = YES_ERROR;
				CLANG_WARN_UNREACHABLE_CODE = YES;
				CLANG_WARN__DUPLICATE_METHOD_MATCH = YES;
				"CODE_SIGN_IDENTITY[sdk=iphoneos*]" = "iPhone Developer";
				COPY_PHASE_STRIP = NO;
				DEBUG_INFORMATION_FORMAT = dwarf;
				ENABLE_STRICT_OBJC_MSGSEND = YES;
				ENABLE_TESTABILITY = YES;
				GCC_C_LANGUAGE_STANDARD = gnu99;
				GCC_DYNAMIC_NO_PIC = NO;
				GCC_NO_COMMON_BLOCKS = YES;
				GCC_OPTIMIZATION_LEVEL = 0;
				GCC_PREPROCESSOR_DEFINITIONS = (
					"DEBUG=1",
					"$(inherited)",
				);
				GCC_WARN_64_TO_32_BIT_CONVERSION = YES;
				GCC_WARN_ABOUT_RETURN_TYPE = YES_ERROR;
				GCC_WARN_UNDECLARED_SELECTOR = YES;
				GCC_WARN_UNINITIALIZED_AUTOS = YES_AGGRESSIVE;
				GCC_WARN_UNUSED_FUNCTION = YES;
				GCC_WARN_UNUSED_VARIABLE = YES;
				IPHONEOS_DEPLOYMENT_TARGET = 9.3;
				MTL_ENABLE_DEBUG_INFO = YES;
				ONLY_ACTIVE_ARCH = YES;
				SDKROOT = iphoneos;
				SWIFT_OPTIMIZATION_LEVEL = "-Onone";
				TARGETED_DEVICE_FAMILY = "1,2";
			};
			name = Debug;
		};
		79553BEC1D4531F80051EC6D /* Release */ = {
			isa = XCBuildConfiguration;
			buildSettings = {
				ALWAYS_SEARCH_USER_PATHS = NO;
				CLANG_ANALYZER_NONNULL = YES;
				CLANG_CXX_LANGUAGE_STANDARD = "gnu++0x";
				CLANG_CXX_LIBRARY = "libc++";
				CLANG_ENABLE_MODULES = YES;
				CLANG_ENABLE_OBJC_ARC = YES;
				CLANG_WARN_BOOL_CONVERSION = YES;
				CLANG_WARN_CONSTANT_CONVERSION = YES;
				CLANG_WARN_DIRECT_OBJC_ISA_USAGE = YES_ERROR;
				CLANG_WARN_EMPTY_BODY = YES;
				CLANG_WARN_ENUM_CONVERSION = YES;
				CLANG_WARN_INT_CONVERSION = YES;
				CLANG_WARN_OBJC_ROOT_CLASS = YES_ERROR;
				CLANG_WARN_UNREACHABLE_CODE = YES;
				CLANG_WARN__DUPLICATE_METHOD_MATCH = YES;
				"CODE_SIGN_IDENTITY[sdk=iphoneos*]" = "iPhone Developer";
				COPY_PHASE_STRIP = NO;
				DEBUG_INFORMATION_FORMAT = "dwarf-with-dsym";
				ENABLE_NS_ASSERTIONS = NO;
				ENABLE_STRICT_OBJC_MSGSEND = YES;
				GCC_C_LANGUAGE_STANDARD = gnu99;
				GCC_NO_COMMON_BLOCKS = YES;
				GCC_WARN_64_TO_32_BIT_CONVERSION = YES;
				GCC_WARN_ABOUT_RETURN_TYPE = YES_ERROR;
				GCC_WARN_UNDECLARED_SELECTOR = YES;
				GCC_WARN_UNINITIALIZED_AUTOS = YES_AGGRESSIVE;
				GCC_WARN_UNUSED_FUNCTION = YES;
				GCC_WARN_UNUSED_VARIABLE = YES;
				IPHONEOS_DEPLOYMENT_TARGET = 9.3;
				MTL_ENABLE_DEBUG_INFO = NO;
				SDKROOT = iphoneos;
				TARGETED_DEVICE_FAMILY = "1,2";
				VALIDATE_PRODUCT = YES;
			};
			name = Release;
		};
		79553BEE1D4531F80051EC6D /* Debug */ = {
			isa = XCBuildConfiguration;
			buildSettings = {
				ASSETCATALOG_COMPILER_APPICON_NAME = AppIcon;
				INFOPLIST_FILE = "Favourite Movies/Info.plist";
				LD_RUNPATH_SEARCH_PATHS = "$(inherited) @executable_path/Frameworks";
				PRODUCT_BUNDLE_IDENTIFIER = "Shane-McKenzie.Favourite-Movies";
				PRODUCT_NAME = "$(TARGET_NAME)";
			};
			name = Debug;
		};
		79553BEF1D4531F80051EC6D /* Release */ = {
			isa = XCBuildConfiguration;
			buildSettings = {
				ASSETCATALOG_COMPILER_APPICON_NAME = AppIcon;
				INFOPLIST_FILE = "Favourite Movies/Info.plist";
				LD_RUNPATH_SEARCH_PATHS = "$(inherited) @executable_path/Frameworks";
				PRODUCT_BUNDLE_IDENTIFIER = "Shane-McKenzie.Favourite-Movies";
				PRODUCT_NAME = "$(TARGET_NAME)";
			};
			name = Release;
		};
/* End XCBuildConfiguration section */

/* Begin XCConfigurationList section */
		79553BD31D4531F80051EC6D /* Build configuration list for PBXProject "Favourite Movies" */ = {
			isa = XCConfigurationList;
			buildConfigurations = (
				79553BEB1D4531F80051EC6D /* Debug */,
				79553BEC1D4531F80051EC6D /* Release */,
			);
			defaultConfigurationIsVisible = 0;
			defaultConfigurationName = Release;
		};
		79553BED1D4531F80051EC6D /* Build configuration list for PBXNativeTarget "Favourite Movies" */ = {
			isa = XCConfigurationList;
			buildConfigurations = (
				79553BEE1D4531F80051EC6D /* Debug */,
				79553BEF1D4531F80051EC6D /* Release */,
			);
			defaultConfigurationIsVisible = 0;
		};
/* End XCConfigurationList section */

/* Begin XCVersionGroup section */
		79553BE21D4531F80051EC6D /* Favourite_Movies.xcdatamodeld */ = {
			isa = XCVersionGroup;
			children = (
				79553BE31D4531F80051EC6D /* Favourite_Movies.xcdatamodel */,
			);
			currentVersion = 79553BE31D4531F80051EC6D /* Favourite_Movies.xcdatamodel */;
			path = Favourite_Movies.xcdatamodeld;
			sourceTree = "<group>";
			versionGroupType = wrapper.xcdatamodel;
		};
/* End XCVersionGroup section */
	};
	rootObject = 79553BD01D4531F80051EC6D /* Project object */;
}
